
Microsoft Visual Studio Solution File, Format Version 12.00
# Visual Studio 15
VisualStudioVersion = 15.0.27004.2009
MinimumVisualStudioVersion = 10.0.40219.1
Project("{FAE04EC0-301F-11D3-BF4B-00C04F79EFBC}") = "OnlineShoppingApi", "OnlineShoppingApi\OnlineShoppingApi.csproj", "{81E5CA27-12E1-4A9D-B1DC-930304F8F643}"
EndProject
Project("{2150E333-8FDC-42A3-9474-1A3956D46DE8}") = "Libraries", "Libraries", "{6ABEB67C-E7B2-4D19-83C2-145F3391C51C}"
EndProject
Project("{FAE04EC0-301F-11D3-BF4B-00C04F79EFBC}") = "OnlineShopping.DAL", "OnlineShopping.DAL\OnlineShopping.DAL.csproj", "{41629AA6-864F-45CE-8E03-9A1785EAAC7D}"
EndProject
Project("{FAE04EC0-301F-11D3-BF4B-00C04F79EFBC}") = "OnlineShopping.Services", "OnlineShopping.Services\OnlineShopping.Services.csproj", "{6CAD7A0E-154C-4460-A300-3DCFE73FE60D}"
EndProject
Global
	GlobalSection(SolutionConfigurationPlatforms) = preSolution
		Debug|Any CPU = Debug|Any CPU
		Release|Any CPU = Release|Any CPU
	EndGlobalSection
	GlobalSection(ProjectConfigurationPlatforms) = postSolution
		{81E5CA27-12E1-4A9D-B1DC-930304F8F643}.Debug|Any CPU.ActiveCfg = Debug|Any CPU
		{81E5CA27-12E1-4A9D-B1DC-930304F8F643}.Debug|Any CPU.Build.0 = Debug|Any CPU
		{81E5CA27-12E1-4A9D-B1DC-930304F8F643}.Release|Any CPU.ActiveCfg = Release|Any CPU
		{81E5CA27-12E1-4A9D-B1DC-930304F8F643}.Release|Any CPU.Build.0 = Release|Any CPU
		{41629AA6-864F-45CE-8E03-9A1785EAAC7D}.Debug|Any CPU.ActiveCfg = Debug|Any CPU
		{41629AA6-864F-45CE-8E03-9A1785EAAC7D}.Debug|Any CPU.Build.0 = Debug|Any CPU
		{41629AA6-864F-45CE-8E03-9A1785EAAC7D}.Release|Any CPU.ActiveCfg = Release|Any CPU
		{41629AA6-864F-45CE-8E03-9A1785EAAC7D}.Release|Any CPU.Build.0 = Release|Any CPU
		{6CAD7A0E-154C-4460-A300-3DCFE73FE60D}.Debug|Any CPU.ActiveCfg = Debug|Any CPU
		{6CAD7A0E-154C-4460-A300-3DCFE73FE60D}.Debug|Any CPU.Build.0 = Debug|Any CPU
		{6CAD7A0E-154C-4460-A300-3DCFE73FE60D}.Release|Any CPU.ActiveCfg = Release|Any CPU
		{6CAD7A0E-154C-4460-A300-3DCFE73FE60D}.Release|Any CPU.Build.0 = Release|Any CPU
	EndGlobalSection
	GlobalSection(SolutionProperties) = preSolution
		HideSolutionNode = FALSE
	EndGlobalSection
	GlobalSection(NestedProjects) = preSolution
		{41629AA6-864F-45CE-8E03-9A1785EAAC7D} = {6ABEB67C-E7B2-4D19-83C2-145F3391C51C}
		{6CAD7A0E-154C-4460-A300-3DCFE73FE60D} = {6ABEB67C-E7B2-4D19-83C2-145F3391C51C}
	EndGlobalSection
	GlobalSection(ExtensibilityGlobals) = postSolution
		SolutionGuid = {978A36E8-AEB2-4342-8BD2-4FAD2BCAC9FE}
	EndGlobalSection
EndGlobal
